
Microsoft Visual Studio Solution File, Format Version 12.00
# Visual Studio Version 17
VisualStudioVersion = 17.4.33205.214
MinimumVisualStudioVersion = 10.0.40219.1
Project("{9A19103F-16F7-4668-BE54-9A1E7A4F7556}") = "HieuEcommerce.Domain", "src\HieuEcommerce.Domain\HieuEcommerce.Domain.csproj", "{554AD327-6DBA-4F8F-96F8-81CE7A0C863F}"
EndProject
Project("{9A19103F-16F7-4668-BE54-9A1E7A4F7556}") = "HieuEcommerce.Application", "src\HieuEcommerce.Application\HieuEcommerce.Application.csproj", "{1A94A50E-06DC-43C1-80B5-B662820EC3EB}"
EndProject
Project("{9A19103F-16F7-4668-BE54-9A1E7A4F7556}") = "HieuEcommerce.EntityFrameworkCore", "src\HieuEcommerce.EntityFrameworkCore\HieuEcommerce.EntityFrameworkCore.csproj", "{C956DD76-69C8-4A9C-83EA-D17DF83340FD}"
EndProject
Project("{2150E333-8FDC-42A3-9474-1A3956D46DE8}") = "src", "src", "{CA9AC87F-097E-4F15-8393-4BC07735A5B0}"
EndProject
Project("{2150E333-8FDC-42A3-9474-1A3956D46DE8}") = "test", "test", "{04DBDB01-70F4-4E06-B468-8F87850B22BE}"
EndProject
Project("{9A19103F-16F7-4668-BE54-9A1E7A4F7556}") = "HieuEcommerce.Application.Tests", "test\HieuEcommerce.Application.Tests\HieuEcommerce.Application.Tests.csproj", "{50B2631D-129C-47B3-A587-029CCD6099BC}"
EndProject
Project("{9A19103F-16F7-4668-BE54-9A1E7A4F7556}") = "HieuEcommerce.Domain.Shared", "src\HieuEcommerce.Domain.Shared\HieuEcommerce.Domain.Shared.csproj", "{42F719ED-8413-4895-B5B4-5AB56079BC66}"
EndProject
Project("{9A19103F-16F7-4668-BE54-9A1E7A4F7556}") = "HieuEcommerce.Application.Contracts", "src\HieuEcommerce.Application.Contracts\HieuEcommerce.Application.Contracts.csproj", "{520659C8-C734-4298-A3DA-B539DB9DFC0B}"
EndProject
Project("{9A19103F-16F7-4668-BE54-9A1E7A4F7556}") = "HieuEcommerce.HttpApi", "src\HieuEcommerce.HttpApi\HieuEcommerce.HttpApi.csproj", "{4164BDF7-F527-4E85-9CE6-E3C2D7426A27}"
EndProject
Project("{9A19103F-16F7-4668-BE54-9A1E7A4F7556}") = "HieuEcommerce.HttpApi.Client", "src\HieuEcommerce.HttpApi.Client\HieuEcommerce.HttpApi.Client.csproj", "{3B5A0094-670D-4BB1-BFDD-61B88A8773DC}"
EndProject
Project("{9A19103F-16F7-4668-BE54-9A1E7A4F7556}") = "HieuEcommerce.AuthServer", "src\HieuEcommerce.AuthServer\HieuEcommerce.AuthServer.csproj", "{073C361E-B8F4-49F5-93CC-72A3FF49C026}"
EndProject
Project("{9A19103F-16F7-4668-BE54-9A1E7A4F7556}") = "HieuEcommerce.HttpApi.Host", "src\HieuEcommerce.HttpApi.Host\HieuEcommerce.HttpApi.Host.csproj", "{E6D5BF0E-DE92-4D82-A352-EF04B37CB11C}"
EndProject
Project("{9A19103F-16F7-4668-BE54-9A1E7A4F7556}") = "HieuEcommerce.EntityFrameworkCore.Tests", "test\HieuEcommerce.EntityFrameworkCore.Tests\HieuEcommerce.EntityFrameworkCore.Tests.csproj", "{1FE30EB9-74A9-47F5-A9F6-7B1FAB672D81}"
EndProject
Project("{9A19103F-16F7-4668-BE54-9A1E7A4F7556}") = "HieuEcommerce.TestBase", "test\HieuEcommerce.TestBase\HieuEcommerce.TestBase.csproj", "{91853F21-9CD9-4132-BC29-A7D5D84FFFE7}"
EndProject
Project("{9A19103F-16F7-4668-BE54-9A1E7A4F7556}") = "HieuEcommerce.Domain.Tests", "test\HieuEcommerce.Domain.Tests\HieuEcommerce.Domain.Tests.csproj", "{E512F4D9-9375-480F-A2F6-A46509F9D824}"
EndProject
Project("{9A19103F-16F7-4668-BE54-9A1E7A4F7556}") = "HieuEcommerce.HttpApi.Client.ConsoleTestApp", "test\HieuEcommerce.HttpApi.Client.ConsoleTestApp\HieuEcommerce.HttpApi.Client.ConsoleTestApp.csproj", "{EF480016-9127-4916-8735-D2466BDBC582}"
EndProject
Project("{9A19103F-16F7-4668-BE54-9A1E7A4F7556}") = "HieuEcommerce.DbMigrator", "src\HieuEcommerce.DbMigrator\HieuEcommerce.DbMigrator.csproj", "{AA94D832-1CCC-4715-95A9-A483F23A1A5D}"
EndProject
Project("{2150E333-8FDC-42A3-9474-1A3956D46DE8}") = "common", "common", "{EBD8F7B2-7E15-4646-831D-0ECF6840A9BC}"
EndProject
Project("{2150E333-8FDC-42A3-9474-1A3956D46DE8}") = "domain", "domain", "{DCA78A1A-9775-438C-9CF0-E2A27EEC97E5}"
EndProject
Project("{2150E333-8FDC-42A3-9474-1A3956D46DE8}") = "indentity", "indentity", "{8F72209F-2810-4041-84D7-3E5D860C1DBB}"
EndProject
Project("{2150E333-8FDC-42A3-9474-1A3956D46DE8}") = "infrastructure", "infrastructure", "{D4837265-75BC-4363-B66D-FB9D9960F714}"
EndProject
Project("{2150E333-8FDC-42A3-9474-1A3956D46DE8}") = "public", "public", "{00913D67-80DD-4700-AF0E-3593F8AE1560}"
EndProject
Project("{2150E333-8FDC-42A3-9474-1A3956D46DE8}") = "admin", "admin", "{56EC8B91-2D52-4825-B65A-B7749B635C53}"
EndProject
Project("{9A19103F-16F7-4668-BE54-9A1E7A4F7556}") = "HieuEcommerce.Admin.Application", "src\HieuEcommerce.Admin.Application\HieuEcommerce.Admin.Application.csproj", "{1E3FC828-402F-4BD2-BBDA-59BAF95167FF}"
EndProject
Project("{9A19103F-16F7-4668-BE54-9A1E7A4F7556}") = "HieuEcommerce.Admin.Application.Contracts", "src\HieuEcommerce.Admin.Application.Contracts\HieuEcommerce.Admin.Application.Contracts.csproj", "{07F45751-3095-4062-8452-30D8BDB89D47}"
EndProject
Project("{9A19103F-16F7-4668-BE54-9A1E7A4F7556}") = "HieuEcommerce.Admin.HttpApi", "src\HieuEcommerce.Admin.HttpApi\HieuEcommerce.Admin.HttpApi.csproj", "{A0A09734-C5D1-4099-AC35-D31F37E27ED1}"
EndProject
Project("{9A19103F-16F7-4668-BE54-9A1E7A4F7556}") = "HieuEcommerce.Admin.HttpApi.Host", "src\HieuEcommerce.Admin.HttpApi.Host\HieuEcommerce.Admin.HttpApi.Host.csproj", "{638A4F1E-87F6-4811-9E73-7CE534F8FD0F}"
EndProject
Project("{9A19103F-16F7-4668-BE54-9A1E7A4F7556}") = "HieuEcommerce.Admin.HttpApi.Client", "src\HieuEcommerce.Admin.HttpApi.Client\HieuEcommerce.Admin.HttpApi.Client.csproj", "{9E6C19D5-B681-4B68-B3F6-556C9387CF58}"
EndProject
Project("{2150E333-8FDC-42A3-9474-1A3956D46DE8}") = "public", "public", "{69C24B87-1E4C-4FBD-8EFE-1E51CCB033C5}"
EndProject
Project("{2150E333-8FDC-42A3-9474-1A3956D46DE8}") = "admin", "admin", "{EF414595-5F35-4873-9FF5-B6272ACA7724}"
EndProject
Project("{9A19103F-16F7-4668-BE54-9A1E7A4F7556}") = "HieuEcommerce.Admin.Application.Tests", "test\HieuEcommerce.Admin.Application.Tests\HieuEcommerce.Admin.Application.Tests.csproj", "{17D1FAC8-AE32-4C80-BD64-15820729318B}"
EndProject
Project("{9A19103F-16F7-4668-BE54-9A1E7A4F7556}") = "HieuEcommerce.Admin.HttpApi.Client.ConsoleTestApp", "test\HieuEcommerce.Admin.HttpApi.Client.ConsoleTestApp\HieuEcommerce.Admin.HttpApi.Client.ConsoleTestApp.csproj", "{A038DCB5-A425-4857-A444-C6C1238D8124}"
EndProject
Project("{2150E333-8FDC-42A3-9474-1A3956D46DE8}") = "shared", "shared", "{5A42279E-9442-4791-B118-C809B6304B27}"
EndProject
Global
	GlobalSection(SolutionConfigurationPlatforms) = preSolution
		Debug|Any CPU = Debug|Any CPU
		Release|Any CPU = Release|Any CPU
	EndGlobalSection
	GlobalSection(ProjectConfigurationPlatforms) = postSolution
		{554AD327-6DBA-4F8F-96F8-81CE7A0C863F}.Debug|Any CPU.ActiveCfg = Debug|Any CPU
		{554AD327-6DBA-4F8F-96F8-81CE7A0C863F}.Debug|Any CPU.Build.0 = Debug|Any CPU
		{554AD327-6DBA-4F8F-96F8-81CE7A0C863F}.Release|Any CPU.ActiveCfg = Release|Any CPU
		{554AD327-6DBA-4F8F-96F8-81CE7A0C863F}.Release|Any CPU.Build.0 = Release|Any CPU
		{1A94A50E-06DC-43C1-80B5-B662820EC3EB}.Debug|Any CPU.ActiveCfg = Debug|Any CPU
		{1A94A50E-06DC-43C1-80B5-B662820EC3EB}.Debug|Any CPU.Build.0 = Debug|Any CPU
		{1A94A50E-06DC-43C1-80B5-B662820EC3EB}.Release|Any CPU.ActiveCfg = Release|Any CPU
		{1A94A50E-06DC-43C1-80B5-B662820EC3EB}.Release|Any CPU.Build.0 = Release|Any CPU
		{C956DD76-69C8-4A9C-83EA-D17DF83340FD}.Debug|Any CPU.ActiveCfg = Debug|Any CPU
		{C956DD76-69C8-4A9C-83EA-D17DF83340FD}.Debug|Any CPU.Build.0 = Debug|Any CPU
		{C956DD76-69C8-4A9C-83EA-D17DF83340FD}.Release|Any CPU.ActiveCfg = Release|Any CPU
		{C956DD76-69C8-4A9C-83EA-D17DF83340FD}.Release|Any CPU.Build.0 = Release|Any CPU
		{50B2631D-129C-47B3-A587-029CCD6099BC}.Debug|Any CPU.ActiveCfg = Debug|Any CPU
		{50B2631D-129C-47B3-A587-029CCD6099BC}.Debug|Any CPU.Build.0 = Debug|Any CPU
		{50B2631D-129C-47B3-A587-029CCD6099BC}.Release|Any CPU.ActiveCfg = Release|Any CPU
		{50B2631D-129C-47B3-A587-029CCD6099BC}.Release|Any CPU.Build.0 = Release|Any CPU
		{42F719ED-8413-4895-B5B4-5AB56079BC66}.Debug|Any CPU.ActiveCfg = Debug|Any CPU
		{42F719ED-8413-4895-B5B4-5AB56079BC66}.Debug|Any CPU.Build.0 = Debug|Any CPU
		{42F719ED-8413-4895-B5B4-5AB56079BC66}.Release|Any CPU.ActiveCfg = Release|Any CPU
		{42F719ED-8413-4895-B5B4-5AB56079BC66}.Release|Any CPU.Build.0 = Release|Any CPU
		{520659C8-C734-4298-A3DA-B539DB9DFC0B}.Debug|Any CPU.ActiveCfg = Debug|Any CPU
		{520659C8-C734-4298-A3DA-B539DB9DFC0B}.Debug|Any CPU.Build.0 = Debug|Any CPU
		{520659C8-C734-4298-A3DA-B539DB9DFC0B}.Release|Any CPU.ActiveCfg = Release|Any CPU
		{520659C8-C734-4298-A3DA-B539DB9DFC0B}.Release|Any CPU.Build.0 = Release|Any CPU
		{4164BDF7-F527-4E85-9CE6-E3C2D7426A27}.Debug|Any CPU.ActiveCfg = Debug|Any CPU
		{4164BDF7-F527-4E85-9CE6-E3C2D7426A27}.Debug|Any CPU.Build.0 = Debug|Any CPU
		{4164BDF7-F527-4E85-9CE6-E3C2D7426A27}.Release|Any CPU.ActiveCfg = Release|Any CPU
		{4164BDF7-F527-4E85-9CE6-E3C2D7426A27}.Release|Any CPU.Build.0 = Release|Any CPU
		{3B5A0094-670D-4BB1-BFDD-61B88A8773DC}.Debug|Any CPU.ActiveCfg = Debug|Any CPU
		{3B5A0094-670D-4BB1-BFDD-61B88A8773DC}.Debug|Any CPU.Build.0 = Debug|Any CPU
		{3B5A0094-670D-4BB1-BFDD-61B88A8773DC}.Release|Any CPU.ActiveCfg = Release|Any CPU
		{3B5A0094-670D-4BB1-BFDD-61B88A8773DC}.Release|Any CPU.Build.0 = Release|Any CPU
		{073C361E-B8F4-49F5-93CC-72A3FF49C026}.Debug|Any CPU.ActiveCfg = Debug|Any CPU
		{073C361E-B8F4-49F5-93CC-72A3FF49C026}.Debug|Any CPU.Build.0 = Debug|Any CPU
		{073C361E-B8F4-49F5-93CC-72A3FF49C026}.Release|Any CPU.ActiveCfg = Release|Any CPU
		{073C361E-B8F4-49F5-93CC-72A3FF49C026}.Release|Any CPU.Build.0 = Release|Any CPU
		{E6D5BF0E-DE92-4D82-A352-EF04B37CB11C}.Debug|Any CPU.ActiveCfg = Debug|Any CPU
		{E6D5BF0E-DE92-4D82-A352-EF04B37CB11C}.Debug|Any CPU.Build.0 = Debug|Any CPU
		{E6D5BF0E-DE92-4D82-A352-EF04B37CB11C}.Release|Any CPU.ActiveCfg = Release|Any CPU
		{E6D5BF0E-DE92-4D82-A352-EF04B37CB11C}.Release|Any CPU.Build.0 = Release|Any CPU
		{1FE30EB9-74A9-47F5-A9F6-7B1FAB672D81}.Debug|Any CPU.ActiveCfg = Debug|Any CPU
		{1FE30EB9-74A9-47F5-A9F6-7B1FAB672D81}.Debug|Any CPU.Build.0 = Debug|Any CPU
		{1FE30EB9-74A9-47F5-A9F6-7B1FAB672D81}.Release|Any CPU.ActiveCfg = Release|Any CPU
		{1FE30EB9-74A9-47F5-A9F6-7B1FAB672D81}.Release|Any CPU.Build.0 = Release|Any CPU
		{91853F21-9CD9-4132-BC29-A7D5D84FFFE7}.Debug|Any CPU.ActiveCfg = Debug|Any CPU
		{91853F21-9CD9-4132-BC29-A7D5D84FFFE7}.Debug|Any CPU.Build.0 = Debug|Any CPU
		{91853F21-9CD9-4132-BC29-A7D5D84FFFE7}.Release|Any CPU.ActiveCfg = Release|Any CPU
		{91853F21-9CD9-4132-BC29-A7D5D84FFFE7}.Release|Any CPU.Build.0 = Release|Any CPU
		{E512F4D9-9375-480F-A2F6-A46509F9D824}.Debug|Any CPU.ActiveCfg = Debug|Any CPU
		{E512F4D9-9375-480F-A2F6-A46509F9D824}.Debug|Any CPU.Build.0 = Debug|Any CPU
		{E512F4D9-9375-480F-A2F6-A46509F9D824}.Release|Any CPU.ActiveCfg = Release|Any CPU
		{E512F4D9-9375-480F-A2F6-A46509F9D824}.Release|Any CPU.Build.0 = Release|Any CPU
		{EF480016-9127-4916-8735-D2466BDBC582}.Debug|Any CPU.ActiveCfg = Debug|Any CPU
		{EF480016-9127-4916-8735-D2466BDBC582}.Debug|Any CPU.Build.0 = Debug|Any CPU
		{EF480016-9127-4916-8735-D2466BDBC582}.Release|Any CPU.ActiveCfg = Release|Any CPU
		{EF480016-9127-4916-8735-D2466BDBC582}.Release|Any CPU.Build.0 = Release|Any CPU
		{AA94D832-1CCC-4715-95A9-A483F23A1A5D}.Debug|Any CPU.ActiveCfg = Debug|Any CPU
		{AA94D832-1CCC-4715-95A9-A483F23A1A5D}.Debug|Any CPU.Build.0 = Debug|Any CPU
		{AA94D832-1CCC-4715-95A9-A483F23A1A5D}.Release|Any CPU.ActiveCfg = Release|Any CPU
		{AA94D832-1CCC-4715-95A9-A483F23A1A5D}.Release|Any CPU.Build.0 = Release|Any CPU
		{1E3FC828-402F-4BD2-BBDA-59BAF95167FF}.Debug|Any CPU.ActiveCfg = Debug|Any CPU
		{1E3FC828-402F-4BD2-BBDA-59BAF95167FF}.Debug|Any CPU.Build.0 = Debug|Any CPU
		{1E3FC828-402F-4BD2-BBDA-59BAF95167FF}.Release|Any CPU.ActiveCfg = Release|Any CPU
		{1E3FC828-402F-4BD2-BBDA-59BAF95167FF}.Release|Any CPU.Build.0 = Release|Any CPU
		{07F45751-3095-4062-8452-30D8BDB89D47}.Debug|Any CPU.ActiveCfg = Debug|Any CPU
		{07F45751-3095-4062-8452-30D8BDB89D47}.Debug|Any CPU.Build.0 = Debug|Any CPU
		{07F45751-3095-4062-8452-30D8BDB89D47}.Release|Any CPU.ActiveCfg = Release|Any CPU
		{07F45751-3095-4062-8452-30D8BDB89D47}.Release|Any CPU.Build.0 = Release|Any CPU
		{A0A09734-C5D1-4099-AC35-D31F37E27ED1}.Debug|Any CPU.ActiveCfg = Debug|Any CPU
		{A0A09734-C5D1-4099-AC35-D31F37E27ED1}.Debug|Any CPU.Build.0 = Debug|Any CPU
		{A0A09734-C5D1-4099-AC35-D31F37E27ED1}.Release|Any CPU.ActiveCfg = Release|Any CPU
		{A0A09734-C5D1-4099-AC35-D31F37E27ED1}.Release|Any CPU.Build.0 = Release|Any CPU
		{638A4F1E-87F6-4811-9E73-7CE534F8FD0F}.Debug|Any CPU.ActiveCfg = Debug|Any CPU
		{638A4F1E-87F6-4811-9E73-7CE534F8FD0F}.Debug|Any CPU.Build.0 = Debug|Any CPU
		{638A4F1E-87F6-4811-9E73-7CE534F8FD0F}.Release|Any CPU.ActiveCfg = Release|Any CPU
		{638A4F1E-87F6-4811-9E73-7CE534F8FD0F}.Release|Any CPU.Build.0 = Release|Any CPU
		{9E6C19D5-B681-4B68-B3F6-556C9387CF58}.Debug|Any CPU.ActiveCfg = Debug|Any CPU
		{9E6C19D5-B681-4B68-B3F6-556C9387CF58}.Debug|Any CPU.Build.0 = Debug|Any CPU
		{9E6C19D5-B681-4B68-B3F6-556C9387CF58}.Release|Any CPU.ActiveCfg = Release|Any CPU
		{9E6C19D5-B681-4B68-B3F6-556C9387CF58}.Release|Any CPU.Build.0 = Release|Any CPU
		{17D1FAC8-AE32-4C80-BD64-15820729318B}.Debug|Any CPU.ActiveCfg = Debug|Any CPU
		{17D1FAC8-AE32-4C80-BD64-15820729318B}.Debug|Any CPU.Build.0 = Debug|Any CPU
		{17D1FAC8-AE32-4C80-BD64-15820729318B}.Release|Any CPU.ActiveCfg = Release|Any CPU
		{17D1FAC8-AE32-4C80-BD64-15820729318B}.Release|Any CPU.Build.0 = Release|Any CPU
		{A038DCB5-A425-4857-A444-C6C1238D8124}.Debug|Any CPU.ActiveCfg = Debug|Any CPU
		{A038DCB5-A425-4857-A444-C6C1238D8124}.Debug|Any CPU.Build.0 = Debug|Any CPU
		{A038DCB5-A425-4857-A444-C6C1238D8124}.Release|Any CPU.ActiveCfg = Release|Any CPU
		{A038DCB5-A425-4857-A444-C6C1238D8124}.Release|Any CPU.Build.0 = Release|Any CPU
	EndGlobalSection
	GlobalSection(SolutionProperties) = preSolution
		HideSolutionNode = FALSE
	EndGlobalSection
	GlobalSection(NestedProjects) = preSolution
		{554AD327-6DBA-4F8F-96F8-81CE7A0C863F} = {DCA78A1A-9775-438C-9CF0-E2A27EEC97E5}
		{1A94A50E-06DC-43C1-80B5-B662820EC3EB} = {00913D67-80DD-4700-AF0E-3593F8AE1560}
		{C956DD76-69C8-4A9C-83EA-D17DF83340FD} = {D4837265-75BC-4363-B66D-FB9D9960F714}
		{50B2631D-129C-47B3-A587-029CCD6099BC} = {69C24B87-1E4C-4FBD-8EFE-1E51CCB033C5}
		{42F719ED-8413-4895-B5B4-5AB56079BC66} = {DCA78A1A-9775-438C-9CF0-E2A27EEC97E5}
		{520659C8-C734-4298-A3DA-B539DB9DFC0B} = {00913D67-80DD-4700-AF0E-3593F8AE1560}
		{4164BDF7-F527-4E85-9CE6-E3C2D7426A27} = {00913D67-80DD-4700-AF0E-3593F8AE1560}
		{3B5A0094-670D-4BB1-BFDD-61B88A8773DC} = {00913D67-80DD-4700-AF0E-3593F8AE1560}
		{073C361E-B8F4-49F5-93CC-72A3FF49C026} = {8F72209F-2810-4041-84D7-3E5D860C1DBB}
		{E6D5BF0E-DE92-4D82-A352-EF04B37CB11C} = {00913D67-80DD-4700-AF0E-3593F8AE1560}
		{1FE30EB9-74A9-47F5-A9F6-7B1FAB672D81} = {5A42279E-9442-4791-B118-C809B6304B27}
		{91853F21-9CD9-4132-BC29-A7D5D84FFFE7} = {5A42279E-9442-4791-B118-C809B6304B27}
		{E512F4D9-9375-480F-A2F6-A46509F9D824} = {69C24B87-1E4C-4FBD-8EFE-1E51CCB033C5}
		{EF480016-9127-4916-8735-D2466BDBC582} = {5A42279E-9442-4791-B118-C809B6304B27}
		{AA94D832-1CCC-4715-95A9-A483F23A1A5D} = {D4837265-75BC-4363-B66D-FB9D9960F714}
		{EBD8F7B2-7E15-4646-831D-0ECF6840A9BC} = {CA9AC87F-097E-4F15-8393-4BC07735A5B0}
		{DCA78A1A-9775-438C-9CF0-E2A27EEC97E5} = {EBD8F7B2-7E15-4646-831D-0ECF6840A9BC}
		{8F72209F-2810-4041-84D7-3E5D860C1DBB} = {CA9AC87F-097E-4F15-8393-4BC07735A5B0}
		{D4837265-75BC-4363-B66D-FB9D9960F714} = {EBD8F7B2-7E15-4646-831D-0ECF6840A9BC}
		{00913D67-80DD-4700-AF0E-3593F8AE1560} = {CA9AC87F-097E-4F15-8393-4BC07735A5B0}
		{56EC8B91-2D52-4825-B65A-B7749B635C53} = {CA9AC87F-097E-4F15-8393-4BC07735A5B0}
		{1E3FC828-402F-4BD2-BBDA-59BAF95167FF} = {56EC8B91-2D52-4825-B65A-B7749B635C53}
		{07F45751-3095-4062-8452-30D8BDB89D47} = {56EC8B91-2D52-4825-B65A-B7749B635C53}
		{A0A09734-C5D1-4099-AC35-D31F37E27ED1} = {56EC8B91-2D52-4825-B65A-B7749B635C53}
		{638A4F1E-87F6-4811-9E73-7CE534F8FD0F} = {56EC8B91-2D52-4825-B65A-B7749B635C53}
		{9E6C19D5-B681-4B68-B3F6-556C9387CF58} = {56EC8B91-2D52-4825-B65A-B7749B635C53}
		{69C24B87-1E4C-4FBD-8EFE-1E51CCB033C5} = {04DBDB01-70F4-4E06-B468-8F87850B22BE}
		{EF414595-5F35-4873-9FF5-B6272ACA7724} = {04DBDB01-70F4-4E06-B468-8F87850B22BE}
		{17D1FAC8-AE32-4C80-BD64-15820729318B} = {EF414595-5F35-4873-9FF5-B6272ACA7724}
		{A038DCB5-A425-4857-A444-C6C1238D8124} = {EF414595-5F35-4873-9FF5-B6272ACA7724}
		{5A42279E-9442-4791-B118-C809B6304B27} = {04DBDB01-70F4-4E06-B468-8F87850B22BE}
	EndGlobalSection
	GlobalSection(ExtensibilityGlobals) = postSolution
		SolutionGuid = {28315BFD-90E7-4E14-A2EA-F3D23AF4126F}
	EndGlobalSection
EndGlobal
