
Microsoft Visual Studio Solution File, Format Version 12.00
# Visual Studio Version 17
VisualStudioVersion = 17.4.33205.214
MinimumVisualStudioVersion = 10.0.40219.1
Project("{9A19103F-16F7-4668-BE54-9A1E7A4F7556}") = "HieuEcommerce.Domain", "src\HieuEcommerce.Domain\HieuEcommerce.Domain.csproj", "{554AD327-6DBA-4F8F-96F8-81CE7A0C863F}"
EndProject
Project("{9A19103F-16F7-4668-BE54-9A1E7A4F7556}") = "HieuEcommerce.EntityFrameworkCore", "src\HieuEcommerce.EntityFrameworkCore\HieuEcommerce.EntityFrameworkCore.csproj", "{C956DD76-69C8-4A9C-83EA-D17DF83340FD}"
EndProject
Project("{2150E333-8FDC-42A3-9474-1A3956D46DE8}") = "src", "src", "{CA9AC87F-097E-4F15-8393-4BC07735A5B0}"
EndProject
Project("{2150E333-8FDC-42A3-9474-1A3956D46DE8}") = "test", "test", "{04DBDB01-70F4-4E06-B468-8F87850B22BE}"
EndProject
Project("{9A19103F-16F7-4668-BE54-9A1E7A4F7556}") = "HieuEcommerce.Domain.Shared", "src\HieuEcommerce.Domain.Shared\HieuEcommerce.Domain.Shared.csproj", "{42F719ED-8413-4895-B5B4-5AB56079BC66}"
EndProject
Project("{9A19103F-16F7-4668-BE54-9A1E7A4F7556}") = "HieuEcommerce.AuthServer", "src\HieuEcommerce.AuthServer\HieuEcommerce.AuthServer.csproj", "{073C361E-B8F4-49F5-93CC-72A3FF49C026}"
EndProject
Project("{9A19103F-16F7-4668-BE54-9A1E7A4F7556}") = "HieuEcommerce.EntityFrameworkCore.Tests", "test\HieuEcommerce.EntityFrameworkCore.Tests\HieuEcommerce.EntityFrameworkCore.Tests.csproj", "{1FE30EB9-74A9-47F5-A9F6-7B1FAB672D81}"
EndProject
Project("{9A19103F-16F7-4668-BE54-9A1E7A4F7556}") = "HieuEcommerce.TestBase", "test\HieuEcommerce.TestBase\HieuEcommerce.TestBase.csproj", "{91853F21-9CD9-4132-BC29-A7D5D84FFFE7}"
EndProject
Project("{9A19103F-16F7-4668-BE54-9A1E7A4F7556}") = "HieuEcommerce.DbMigrator", "src\HieuEcommerce.DbMigrator\HieuEcommerce.DbMigrator.csproj", "{AA94D832-1CCC-4715-95A9-A483F23A1A5D}"
EndProject
Project("{2150E333-8FDC-42A3-9474-1A3956D46DE8}") = "common", "common", "{EBD8F7B2-7E15-4646-831D-0ECF6840A9BC}"
EndProject
Project("{2150E333-8FDC-42A3-9474-1A3956D46DE8}") = "domain", "domain", "{DCA78A1A-9775-438C-9CF0-E2A27EEC97E5}"
EndProject
Project("{2150E333-8FDC-42A3-9474-1A3956D46DE8}") = "indentity", "indentity", "{8F72209F-2810-4041-84D7-3E5D860C1DBB}"
EndProject
Project("{2150E333-8FDC-42A3-9474-1A3956D46DE8}") = "infrastructure", "infrastructure", "{D4837265-75BC-4363-B66D-FB9D9960F714}"
EndProject
Project("{2150E333-8FDC-42A3-9474-1A3956D46DE8}") = "public", "public", "{00913D67-80DD-4700-AF0E-3593F8AE1560}"
EndProject
Project("{2150E333-8FDC-42A3-9474-1A3956D46DE8}") = "admin", "admin", "{56EC8B91-2D52-4825-B65A-B7749B635C53}"
EndProject
Project("{9A19103F-16F7-4668-BE54-9A1E7A4F7556}") = "HieuEcommerce.Admin.Application", "src\HieuEcommerce.Admin.Application\HieuEcommerce.Admin.Application.csproj", "{1E3FC828-402F-4BD2-BBDA-59BAF95167FF}"
EndProject
Project("{9A19103F-16F7-4668-BE54-9A1E7A4F7556}") = "HieuEcommerce.Admin.Application.Contracts", "src\HieuEcommerce.Admin.Application.Contracts\HieuEcommerce.Admin.Application.Contracts.csproj", "{07F45751-3095-4062-8452-30D8BDB89D47}"
EndProject
Project("{9A19103F-16F7-4668-BE54-9A1E7A4F7556}") = "HieuEcommerce.Admin.HttpApi", "src\HieuEcommerce.Admin.HttpApi\HieuEcommerce.Admin.HttpApi.csproj", "{A0A09734-C5D1-4099-AC35-D31F37E27ED1}"
EndProject
Project("{9A19103F-16F7-4668-BE54-9A1E7A4F7556}") = "HieuEcommerce.Admin.HttpApi.Host", "src\HieuEcommerce.Admin.HttpApi.Host\HieuEcommerce.Admin.HttpApi.Host.csproj", "{638A4F1E-87F6-4811-9E73-7CE534F8FD0F}"
EndProject
Project("{9A19103F-16F7-4668-BE54-9A1E7A4F7556}") = "HieuEcommerce.Admin.HttpApi.Client", "src\HieuEcommerce.Admin.HttpApi.Client\HieuEcommerce.Admin.HttpApi.Client.csproj", "{9E6C19D5-B681-4B68-B3F6-556C9387CF58}"
EndProject
Project("{2150E333-8FDC-42A3-9474-1A3956D46DE8}") = "public", "public", "{69C24B87-1E4C-4FBD-8EFE-1E51CCB033C5}"
EndProject
Project("{2150E333-8FDC-42A3-9474-1A3956D46DE8}") = "admin", "admin", "{EF414595-5F35-4873-9FF5-B6272ACA7724}"
EndProject
Project("{9A19103F-16F7-4668-BE54-9A1E7A4F7556}") = "HieuEcommerce.Admin.Application.Tests", "test\HieuEcommerce.Admin.Application.Tests\HieuEcommerce.Admin.Application.Tests.csproj", "{17D1FAC8-AE32-4C80-BD64-15820729318B}"
EndProject
Project("{9A19103F-16F7-4668-BE54-9A1E7A4F7556}") = "HieuEcommerce.Admin.HttpApi.Client.ConsoleTestApp", "test\HieuEcommerce.Admin.HttpApi.Client.ConsoleTestApp\HieuEcommerce.Admin.HttpApi.Client.ConsoleTestApp.csproj", "{A038DCB5-A425-4857-A444-C6C1238D8124}"
EndProject
Project("{2150E333-8FDC-42A3-9474-1A3956D46DE8}") = "shared", "shared", "{5A42279E-9442-4791-B118-C809B6304B27}"
EndProject
Project("{9A19103F-16F7-4668-BE54-9A1E7A4F7556}") = "HieuEcommerce.Public.HttpApi.Client.ConsoleTestApp", "test\HieuEcommerce.Public.HttpApi.Client.ConsoleTestApp\HieuEcommerce.Public.HttpApi.Client.ConsoleTestApp.csproj", "{607225E5-80DA-4CAD-9751-942A2C404173}"
EndProject
Project("{9A19103F-16F7-4668-BE54-9A1E7A4F7556}") = "HieuEcommerce.Public.Application.Tests", "test\HieuEcommerce.Public.Application.Tests\HieuEcommerce.Public.Application.Tests.csproj", "{2E1DCCBF-DD1D-4DF7-8E5B-5A47C1D32226}"
EndProject
Project("{9A19103F-16F7-4668-BE54-9A1E7A4F7556}") = "HieuEcommerce.Public.Application", "src\HieuEcommerce.Public.Application\HieuEcommerce.Public.Application.csproj", "{33B2F71A-4764-4F04-A575-EA19FA7AA3FB}"
EndProject
Project("{9A19103F-16F7-4668-BE54-9A1E7A4F7556}") = "HieuEcommerce.Public.Application.Contracts", "src\HieuEcommerce.Public.Application.Contracts\HieuEcommerce.Public.Application.Contracts.csproj", "{9A40F009-C59F-42AD-B73F-270E3D92A111}"
EndProject
Project("{9A19103F-16F7-4668-BE54-9A1E7A4F7556}") = "HieuEcommerce.Public.HttpApi", "src\HieuEcommerce.Public.HttpApi\HieuEcommerce.Public.HttpApi.csproj", "{D79F0F05-7936-436A-80EE-DE9897549857}"
EndProject
Project("{9A19103F-16F7-4668-BE54-9A1E7A4F7556}") = "HieuEcommerce.Public.HttpApi.Client", "src\HieuEcommerce.Public.HttpApi.Client\HieuEcommerce.Public.HttpApi.Client.csproj", "{088C1373-C5E8-4D4F-B07F-89EB5EE82661}"
EndProject
Project("{9A19103F-16F7-4668-BE54-9A1E7A4F7556}") = "HieuEcommerce.Public.Web", "src\HieuEcommerce.Public.Web\HieuEcommerce.Public.Web.csproj", "{D8BEE275-BEA9-447C-8AE7-A718DF442C8A}"
EndProject
Project("{9A19103F-16F7-4668-BE54-9A1E7A4F7556}") = "HieuEcommerce.Domain.Tests", "test\HieuEcommerce.Domain.Tests\HieuEcommerce.Domain.Tests.csproj", "{137D529F-9F28-4D44-98BD-9A2E260E11D1}"
EndProject
Global
	GlobalSection(SolutionConfigurationPlatforms) = preSolution
		Debug|Any CPU = Debug|Any CPU
		Release|Any CPU = Release|Any CPU
	EndGlobalSection
	GlobalSection(ProjectConfigurationPlatforms) = postSolution
		{554AD327-6DBA-4F8F-96F8-81CE7A0C863F}.Debug|Any CPU.ActiveCfg = Debug|Any CPU
		{554AD327-6DBA-4F8F-96F8-81CE7A0C863F}.Debug|Any CPU.Build.0 = Debug|Any CPU
		{554AD327-6DBA-4F8F-96F8-81CE7A0C863F}.Release|Any CPU.ActiveCfg = Release|Any CPU
		{554AD327-6DBA-4F8F-96F8-81CE7A0C863F}.Release|Any CPU.Build.0 = Release|Any CPU
		{C956DD76-69C8-4A9C-83EA-D17DF83340FD}.Debug|Any CPU.ActiveCfg = Debug|Any CPU
		{C956DD76-69C8-4A9C-83EA-D17DF83340FD}.Debug|Any CPU.Build.0 = Debug|Any CPU
		{C956DD76-69C8-4A9C-83EA-D17DF83340FD}.Release|Any CPU.ActiveCfg = Release|Any CPU
		{C956DD76-69C8-4A9C-83EA-D17DF83340FD}.Release|Any CPU.Build.0 = Release|Any CPU
		{42F719ED-8413-4895-B5B4-5AB56079BC66}.Debug|Any CPU.ActiveCfg = Debug|Any CPU
		{42F719ED-8413-4895-B5B4-5AB56079BC66}.Debug|Any CPU.Build.0 = Debug|Any CPU
		{42F719ED-8413-4895-B5B4-5AB56079BC66}.Release|Any CPU.ActiveCfg = Release|Any CPU
		{42F719ED-8413-4895-B5B4-5AB56079BC66}.Release|Any CPU.Build.0 = Release|Any CPU
		{073C361E-B8F4-49F5-93CC-72A3FF49C026}.Debug|Any CPU.ActiveCfg = Debug|Any CPU
		{073C361E-B8F4-49F5-93CC-72A3FF49C026}.Debug|Any CPU.Build.0 = Debug|Any CPU
		{073C361E-B8F4-49F5-93CC-72A3FF49C026}.Release|Any CPU.ActiveCfg = Release|Any CPU
		{073C361E-B8F4-49F5-93CC-72A3FF49C026}.Release|Any CPU.Build.0 = Release|Any CPU
		{1FE30EB9-74A9-47F5-A9F6-7B1FAB672D81}.Debug|Any CPU.ActiveCfg = Debug|Any CPU
		{1FE30EB9-74A9-47F5-A9F6-7B1FAB672D81}.Debug|Any CPU.Build.0 = Debug|Any CPU
		{1FE30EB9-74A9-47F5-A9F6-7B1FAB672D81}.Release|Any CPU.ActiveCfg = Release|Any CPU
		{1FE30EB9-74A9-47F5-A9F6-7B1FAB672D81}.Release|Any CPU.Build.0 = Release|Any CPU
		{91853F21-9CD9-4132-BC29-A7D5D84FFFE7}.Debug|Any CPU.ActiveCfg = Debug|Any CPU
		{91853F21-9CD9-4132-BC29-A7D5D84FFFE7}.Debug|Any CPU.Build.0 = Debug|Any CPU
		{91853F21-9CD9-4132-BC29-A7D5D84FFFE7}.Release|Any CPU.ActiveCfg = Release|Any CPU
		{91853F21-9CD9-4132-BC29-A7D5D84FFFE7}.Release|Any CPU.Build.0 = Release|Any CPU
		{AA94D832-1CCC-4715-95A9-A483F23A1A5D}.Debug|Any CPU.ActiveCfg = Debug|Any CPU
		{AA94D832-1CCC-4715-95A9-A483F23A1A5D}.Debug|Any CPU.Build.0 = Debug|Any CPU
		{AA94D832-1CCC-4715-95A9-A483F23A1A5D}.Release|Any CPU.ActiveCfg = Release|Any CPU
		{AA94D832-1CCC-4715-95A9-A483F23A1A5D}.Release|Any CPU.Build.0 = Release|Any CPU
		{1E3FC828-402F-4BD2-BBDA-59BAF95167FF}.Debug|Any CPU.ActiveCfg = Debug|Any CPU
		{1E3FC828-402F-4BD2-BBDA-59BAF95167FF}.Debug|Any CPU.Build.0 = Debug|Any CPU
		{1E3FC828-402F-4BD2-BBDA-59BAF95167FF}.Release|Any CPU.ActiveCfg = Release|Any CPU
		{1E3FC828-402F-4BD2-BBDA-59BAF95167FF}.Release|Any CPU.Build.0 = Release|Any CPU
		{07F45751-3095-4062-8452-30D8BDB89D47}.Debug|Any CPU.ActiveCfg = Debug|Any CPU
		{07F45751-3095-4062-8452-30D8BDB89D47}.Debug|Any CPU.Build.0 = Debug|Any CPU
		{07F45751-3095-4062-8452-30D8BDB89D47}.Release|Any CPU.ActiveCfg = Release|Any CPU
		{07F45751-3095-4062-8452-30D8BDB89D47}.Release|Any CPU.Build.0 = Release|Any CPU
		{A0A09734-C5D1-4099-AC35-D31F37E27ED1}.Debug|Any CPU.ActiveCfg = Debug|Any CPU
		{A0A09734-C5D1-4099-AC35-D31F37E27ED1}.Debug|Any CPU.Build.0 = Debug|Any CPU
		{A0A09734-C5D1-4099-AC35-D31F37E27ED1}.Release|Any CPU.ActiveCfg = Release|Any CPU
		{A0A09734-C5D1-4099-AC35-D31F37E27ED1}.Release|Any CPU.Build.0 = Release|Any CPU
		{638A4F1E-87F6-4811-9E73-7CE534F8FD0F}.Debug|Any CPU.ActiveCfg = Debug|Any CPU
		{638A4F1E-87F6-4811-9E73-7CE534F8FD0F}.Debug|Any CPU.Build.0 = Debug|Any CPU
		{638A4F1E-87F6-4811-9E73-7CE534F8FD0F}.Release|Any CPU.ActiveCfg = Release|Any CPU
		{638A4F1E-87F6-4811-9E73-7CE534F8FD0F}.Release|Any CPU.Build.0 = Release|Any CPU
		{9E6C19D5-B681-4B68-B3F6-556C9387CF58}.Debug|Any CPU.ActiveCfg = Debug|Any CPU
		{9E6C19D5-B681-4B68-B3F6-556C9387CF58}.Debug|Any CPU.Build.0 = Debug|Any CPU
		{9E6C19D5-B681-4B68-B3F6-556C9387CF58}.Release|Any CPU.ActiveCfg = Release|Any CPU
		{9E6C19D5-B681-4B68-B3F6-556C9387CF58}.Release|Any CPU.Build.0 = Release|Any CPU
		{17D1FAC8-AE32-4C80-BD64-15820729318B}.Debug|Any CPU.ActiveCfg = Debug|Any CPU
		{17D1FAC8-AE32-4C80-BD64-15820729318B}.Debug|Any CPU.Build.0 = Debug|Any CPU
		{17D1FAC8-AE32-4C80-BD64-15820729318B}.Release|Any CPU.ActiveCfg = Release|Any CPU
		{17D1FAC8-AE32-4C80-BD64-15820729318B}.Release|Any CPU.Build.0 = Release|Any CPU
		{A038DCB5-A425-4857-A444-C6C1238D8124}.Debug|Any CPU.ActiveCfg = Debug|Any CPU
		{A038DCB5-A425-4857-A444-C6C1238D8124}.Debug|Any CPU.Build.0 = Debug|Any CPU
		{A038DCB5-A425-4857-A444-C6C1238D8124}.Release|Any CPU.ActiveCfg = Release|Any CPU
		{A038DCB5-A425-4857-A444-C6C1238D8124}.Release|Any CPU.Build.0 = Release|Any CPU
		{607225E5-80DA-4CAD-9751-942A2C404173}.Debug|Any CPU.ActiveCfg = Debug|Any CPU
		{607225E5-80DA-4CAD-9751-942A2C404173}.Debug|Any CPU.Build.0 = Debug|Any CPU
		{607225E5-80DA-4CAD-9751-942A2C404173}.Release|Any CPU.ActiveCfg = Release|Any CPU
		{607225E5-80DA-4CAD-9751-942A2C404173}.Release|Any CPU.Build.0 = Release|Any CPU
		{2E1DCCBF-DD1D-4DF7-8E5B-5A47C1D32226}.Debug|Any CPU.ActiveCfg = Debug|Any CPU
		{2E1DCCBF-DD1D-4DF7-8E5B-5A47C1D32226}.Debug|Any CPU.Build.0 = Debug|Any CPU
		{2E1DCCBF-DD1D-4DF7-8E5B-5A47C1D32226}.Release|Any CPU.ActiveCfg = Release|Any CPU
		{2E1DCCBF-DD1D-4DF7-8E5B-5A47C1D32226}.Release|Any CPU.Build.0 = Release|Any CPU
		{33B2F71A-4764-4F04-A575-EA19FA7AA3FB}.Debug|Any CPU.ActiveCfg = Debug|Any CPU
		{33B2F71A-4764-4F04-A575-EA19FA7AA3FB}.Debug|Any CPU.Build.0 = Debug|Any CPU
		{33B2F71A-4764-4F04-A575-EA19FA7AA3FB}.Release|Any CPU.ActiveCfg = Release|Any CPU
		{33B2F71A-4764-4F04-A575-EA19FA7AA3FB}.Release|Any CPU.Build.0 = Release|Any CPU
		{9A40F009-C59F-42AD-B73F-270E3D92A111}.Debug|Any CPU.ActiveCfg = Debug|Any CPU
		{9A40F009-C59F-42AD-B73F-270E3D92A111}.Debug|Any CPU.Build.0 = Debug|Any CPU
		{9A40F009-C59F-42AD-B73F-270E3D92A111}.Release|Any CPU.ActiveCfg = Release|Any CPU
		{9A40F009-C59F-42AD-B73F-270E3D92A111}.Release|Any CPU.Build.0 = Release|Any CPU
		{D79F0F05-7936-436A-80EE-DE9897549857}.Debug|Any CPU.ActiveCfg = Debug|Any CPU
		{D79F0F05-7936-436A-80EE-DE9897549857}.Debug|Any CPU.Build.0 = Debug|Any CPU
		{D79F0F05-7936-436A-80EE-DE9897549857}.Release|Any CPU.ActiveCfg = Release|Any CPU
		{D79F0F05-7936-436A-80EE-DE9897549857}.Release|Any CPU.Build.0 = Release|Any CPU
		{088C1373-C5E8-4D4F-B07F-89EB5EE82661}.Debug|Any CPU.ActiveCfg = Debug|Any CPU
		{088C1373-C5E8-4D4F-B07F-89EB5EE82661}.Debug|Any CPU.Build.0 = Debug|Any CPU
		{088C1373-C5E8-4D4F-B07F-89EB5EE82661}.Release|Any CPU.ActiveCfg = Release|Any CPU
		{088C1373-C5E8-4D4F-B07F-89EB5EE82661}.Release|Any CPU.Build.0 = Release|Any CPU
		{D8BEE275-BEA9-447C-8AE7-A718DF442C8A}.Debug|Any CPU.ActiveCfg = Debug|Any CPU
		{D8BEE275-BEA9-447C-8AE7-A718DF442C8A}.Debug|Any CPU.Build.0 = Debug|Any CPU
		{D8BEE275-BEA9-447C-8AE7-A718DF442C8A}.Release|Any CPU.ActiveCfg = Release|Any CPU
		{D8BEE275-BEA9-447C-8AE7-A718DF442C8A}.Release|Any CPU.Build.0 = Release|Any CPU
		{137D529F-9F28-4D44-98BD-9A2E260E11D1}.Debug|Any CPU.ActiveCfg = Debug|Any CPU
		{137D529F-9F28-4D44-98BD-9A2E260E11D1}.Debug|Any CPU.Build.0 = Debug|Any CPU
		{137D529F-9F28-4D44-98BD-9A2E260E11D1}.Release|Any CPU.ActiveCfg = Release|Any CPU
		{137D529F-9F28-4D44-98BD-9A2E260E11D1}.Release|Any CPU.Build.0 = Release|Any CPU
	EndGlobalSection
	GlobalSection(SolutionProperties) = preSolution
		HideSolutionNode = FALSE
	EndGlobalSection
	GlobalSection(NestedProjects) = preSolution
		{554AD327-6DBA-4F8F-96F8-81CE7A0C863F} = {DCA78A1A-9775-438C-9CF0-E2A27EEC97E5}
		{C956DD76-69C8-4A9C-83EA-D17DF83340FD} = {D4837265-75BC-4363-B66D-FB9D9960F714}
		{42F719ED-8413-4895-B5B4-5AB56079BC66} = {DCA78A1A-9775-438C-9CF0-E2A27EEC97E5}
		{073C361E-B8F4-49F5-93CC-72A3FF49C026} = {8F72209F-2810-4041-84D7-3E5D860C1DBB}
		{1FE30EB9-74A9-47F5-A9F6-7B1FAB672D81} = {5A42279E-9442-4791-B118-C809B6304B27}
		{91853F21-9CD9-4132-BC29-A7D5D84FFFE7} = {5A42279E-9442-4791-B118-C809B6304B27}
		{AA94D832-1CCC-4715-95A9-A483F23A1A5D} = {D4837265-75BC-4363-B66D-FB9D9960F714}
		{EBD8F7B2-7E15-4646-831D-0ECF6840A9BC} = {CA9AC87F-097E-4F15-8393-4BC07735A5B0}
		{DCA78A1A-9775-438C-9CF0-E2A27EEC97E5} = {EBD8F7B2-7E15-4646-831D-0ECF6840A9BC}
		{8F72209F-2810-4041-84D7-3E5D860C1DBB} = {CA9AC87F-097E-4F15-8393-4BC07735A5B0}
		{D4837265-75BC-4363-B66D-FB9D9960F714} = {EBD8F7B2-7E15-4646-831D-0ECF6840A9BC}
		{00913D67-80DD-4700-AF0E-3593F8AE1560} = {CA9AC87F-097E-4F15-8393-4BC07735A5B0}
		{56EC8B91-2D52-4825-B65A-B7749B635C53} = {CA9AC87F-097E-4F15-8393-4BC07735A5B0}
		{1E3FC828-402F-4BD2-BBDA-59BAF95167FF} = {56EC8B91-2D52-4825-B65A-B7749B635C53}
		{07F45751-3095-4062-8452-30D8BDB89D47} = {56EC8B91-2D52-4825-B65A-B7749B635C53}
		{A0A09734-C5D1-4099-AC35-D31F37E27ED1} = {56EC8B91-2D52-4825-B65A-B7749B635C53}
		{638A4F1E-87F6-4811-9E73-7CE534F8FD0F} = {56EC8B91-2D52-4825-B65A-B7749B635C53}
		{9E6C19D5-B681-4B68-B3F6-556C9387CF58} = {56EC8B91-2D52-4825-B65A-B7749B635C53}
		{69C24B87-1E4C-4FBD-8EFE-1E51CCB033C5} = {04DBDB01-70F4-4E06-B468-8F87850B22BE}
		{EF414595-5F35-4873-9FF5-B6272ACA7724} = {04DBDB01-70F4-4E06-B468-8F87850B22BE}
		{17D1FAC8-AE32-4C80-BD64-15820729318B} = {EF414595-5F35-4873-9FF5-B6272ACA7724}
		{A038DCB5-A425-4857-A444-C6C1238D8124} = {EF414595-5F35-4873-9FF5-B6272ACA7724}
		{5A42279E-9442-4791-B118-C809B6304B27} = {04DBDB01-70F4-4E06-B468-8F87850B22BE}
		{607225E5-80DA-4CAD-9751-942A2C404173} = {69C24B87-1E4C-4FBD-8EFE-1E51CCB033C5}
		{2E1DCCBF-DD1D-4DF7-8E5B-5A47C1D32226} = {69C24B87-1E4C-4FBD-8EFE-1E51CCB033C5}
		{33B2F71A-4764-4F04-A575-EA19FA7AA3FB} = {00913D67-80DD-4700-AF0E-3593F8AE1560}
		{9A40F009-C59F-42AD-B73F-270E3D92A111} = {00913D67-80DD-4700-AF0E-3593F8AE1560}
		{D79F0F05-7936-436A-80EE-DE9897549857} = {00913D67-80DD-4700-AF0E-3593F8AE1560}
		{088C1373-C5E8-4D4F-B07F-89EB5EE82661} = {00913D67-80DD-4700-AF0E-3593F8AE1560}
		{D8BEE275-BEA9-447C-8AE7-A718DF442C8A} = {00913D67-80DD-4700-AF0E-3593F8AE1560}
		{137D529F-9F28-4D44-98BD-9A2E260E11D1} = {5A42279E-9442-4791-B118-C809B6304B27}
	EndGlobalSection
	GlobalSection(ExtensibilityGlobals) = postSolution
		SolutionGuid = {28315BFD-90E7-4E14-A2EA-F3D23AF4126F}
	EndGlobalSection
EndGlobal
